
Microsoft Visual Studio Solution File, Format Version 12.00
# Visual Studio Version 16
VisualStudioVersion = 16.0.30611.23
MinimumVisualStudioVersion = 10.0.40219.1
Project("{FAE04EC0-301F-11D3-BF4B-00C04F79EFBC}") = "PrezimeImeSystemNiOP-EM", "PrezimeImeSystemNiOP-EM\PrezimeImeSystemNiOP-EM.csproj", "{A7608387-3D98-41F6-954D-B1380EE60531}"
EndProject
Global
	GlobalSection(SolutionConfigurationPlatforms) = preSolution
		Debug|Any CPU = Debug|Any CPU
		Release|Any CPU = Release|Any CPU
	EndGlobalSection
	GlobalSection(ProjectConfigurationPlatforms) = postSolution
		{A7608387-3D98-41F6-954D-B1380EE60531}.Debug|Any CPU.ActiveCfg = Debug|Any CPU
		{A7608387-3D98-41F6-954D-B1380EE60531}.Debug|Any CPU.Build.0 = Debug|Any CPU
		{A7608387-3D98-41F6-954D-B1380EE60531}.Release|Any CPU.ActiveCfg = Release|Any CPU
		{A7608387-3D98-41F6-954D-B1380EE60531}.Release|Any CPU.Build.0 = Release|Any CPU
	EndGlobalSection
	GlobalSection(SolutionProperties) = preSolution
		HideSolutionNode = FALSE
	EndGlobalSection
	GlobalSection(ExtensibilityGlobals) = postSolution
		SolutionGuid = {D67B31D3-E84D-4055-93B5-184F2553352D}
	EndGlobalSection
EndGlobal
